<?xml version="1.0" encoding="utf-8"?>
<Project ToolsVersion="4.0" xmlns="http://schemas.microsoft.com/developer/msbuild/2003">
  <ItemGroup>
    <Filter Include="Source Files">
      <UniqueIdentifier>{4FC737F1-C7A5-4376-A066-2A32D752A2FF}</UniqueIdentifier>
      <Extensions>cpp;c;cc;cxx;def;odl;idl;hpj;bat;asm;asmx</Extensions>
    </Filter>
    <Filter Include="Header Files">
      <UniqueIdentifier>{93995380-89BD-4b04-88EB-625FBE52EBFB}</UniqueIdentifier>
      <Extensions>h;hh;hpp;hxx;hm;inl;inc;xsd</Extensions>
    </Filter>
    <Filter Include="Resource Files">
      <UniqueIdentifier>{67DA6AB6-F800-4c08-8B7A-83BB121AAD01}</UniqueIdentifier>
      <Extensions>rc;ico;cur;bmp;dlg;rc2;rct;bin;rgs;gif;jpg;jpeg;jpe;resx;tiff;tif;png;wav;mfcribbon-ms</Extensions>
    </Filter>
  </ItemGroup>
  <ItemGroup>
    <ClCompile Include="mpi\main.cpp">
      <Filter>Source Files</Filter>
    </ClCompile>
    <ClCompile Include="mpi\BaseApp.cpp">
      <Filter>Source Files</Filter>
    </ClCompile>
    <ClCompile Include="mpi\SeaFightApp.cpp">
      <Filter>Source Files</Filter>
    </ClCompile>
    <ClCompile Include="mpi\Cursor.cpp">
      <Filter>Source Files</Filter>
    </ClCompile>
    <ClCompile Include="mpi\IBot.cpp">
      <Filter>Source Files</Filter>
    </ClCompile>
    <ClCompile Include="mpi\BotVeryEasy.cpp">
      <Filter>Source Files</Filter>
    </ClCompile>
    <ClCompile Include="mpi\BotEasy.cpp">
      <Filter>Source Files</Filter>
    </ClCompile>
    <ClCompile Include="mpi\GamePoleBase.cpp">
      <Filter>Source Files</Filter>
    </ClCompile>
    <ClCompile Include="mpi\GamePoleComp.cpp">
      <Filter>Source Files</Filter>
    </ClCompile>
    <ClCompile Include="mpi\GamePolePlayer.cpp">
      <Filter>Source Files</Filter>
    </ClCompile>
  </ItemGroup>
  <ItemGroup>
    <ClInclude Include="api\PerformanceCounter.h">
      <Filter>Header Files</Filter>
    </ClInclude>
    <ClInclude Include="api\BaseApp.h">
      <Filter>Header Files</Filter>
    </ClInclude>
    <ClInclude Include="api\const.h">
      <Filter>Header Files</Filter>
    </ClInclude>
    <ClInclude Include="api\SeaFightApp.h">
      <Filter>Header Files</Filter>
    </ClInclude>
    <ClInclude Include="api\Cursor.h">
      <Filter>Header Files</Filter>
    </ClInclude>
    <ClInclude Include="api\IBot.h">
      <Filter>Header Files</Filter>
    </ClInclude>
    <ClInclude Include="api\BotVeryEasy.h">
      <Filter>Header Files</Filter>
    </ClInclude>
    <ClInclude Include="api\BotEasy.h">
      <Filter>Header Files</Filter>
    </ClInclude>
    <ClInclude Include="api\GamePoleBase.h">
      <Filter>Header Files</Filter>
    </ClInclude>
    <ClInclude Include="api\GamePoleComp.h">
      <Filter>Header Files</Filter>
    </ClInclude>
    <ClInclude Include="api\GamePolePlayer.h">
      <Filter>Header Files</Filter>
    </ClInclude>
  </ItemGroup>
</Project>