
Microsoft Visual Studio Solution File, Format Version 12.00
# Visual Studio 2012
Project("{8BC9CEB8-8B4A-11D0-8D11-00A0C91BC942}") = "WH_KEYBOARD_DLL", "WH_KEYBOARD_DLL\WH_KEYBOARD_DLL.vcxproj", "{062790D8-1485-4594-8910-EE66D4E895AF}"
EndProject
Global
	GlobalSection(SolutionConfigurationPlatforms) = preSolution
		Debug|Win32 = Debug|Win32
		Release|Win32 = Release|Win32
	EndGlobalSection
	GlobalSection(ProjectConfigurationPlatforms) = postSolution
		{062790D8-1485-4594-8910-EE66D4E895AF}.Debug|Win32.ActiveCfg = Debug|Win32
		{062790D8-1485-4594-8910-EE66D4E895AF}.Debug|Win32.Build.0 = Debug|Win32
		{062790D8-1485-4594-8910-EE66D4E895AF}.Release|Win32.ActiveCfg = Release|Win32
		{062790D8-1485-4594-8910-EE66D4E895AF}.Release|Win32.Build.0 = Release|Win32
	EndGlobalSection
	GlobalSection(SolutionProperties) = preSolution
		HideSolutionNode = FALSE
	EndGlobalSection
EndGlobal
