
Microsoft Visual Studio Solution File, Format Version 12.00
# Visual Studio 2012
Project("{8BC9CEB8-8B4A-11D0-8D11-00A0C91BC942}") = "Управление цветом", "Управление цветом\Управление цветом.vcxproj", "{F879B24F-8F2C-4027-8B52-991B86CA4B39}"
EndProject
Global
	GlobalSection(SolutionConfigurationPlatforms) = preSolution
		Debug|Win32 = Debug|Win32
		Release|Win32 = Release|Win32
	EndGlobalSection
	GlobalSection(ProjectConfigurationPlatforms) = postSolution
		{F879B24F-8F2C-4027-8B52-991B86CA4B39}.Debug|Win32.ActiveCfg = Debug|Win32
		{F879B24F-8F2C-4027-8B52-991B86CA4B39}.Debug|Win32.Build.0 = Debug|Win32
		{F879B24F-8F2C-4027-8B52-991B86CA4B39}.Release|Win32.ActiveCfg = Release|Win32
		{F879B24F-8F2C-4027-8B52-991B86CA4B39}.Release|Win32.Build.0 = Release|Win32
	EndGlobalSection
	GlobalSection(SolutionProperties) = preSolution
		HideSolutionNode = FALSE
	EndGlobalSection
EndGlobal
