
Microsoft Visual Studio Solution File, Format Version 12.00
# Visual Studio 2013
VisualStudioVersion = 12.0.21005.1
MinimumVisualStudioVersion = 10.0.40219.1
Project("{8BC9CEB8-8B4A-11D0-8D11-00A0C91BC942}") = "shell_execute", "shell_execute.vcxproj", "{A9DC9E41-C617-4A72-8B41-F9CEA13EC9C1}"
EndProject
Global
	GlobalSection(SolutionConfigurationPlatforms) = preSolution
		Debug|Win32 = Debug|Win32
		Release|Win32 = Release|Win32
	EndGlobalSection
	GlobalSection(ProjectConfigurationPlatforms) = postSolution
		{A9DC9E41-C617-4A72-8B41-F9CEA13EC9C1}.Debug|Win32.ActiveCfg = Debug|Win32
		{A9DC9E41-C617-4A72-8B41-F9CEA13EC9C1}.Debug|Win32.Build.0 = Debug|Win32
		{A9DC9E41-C617-4A72-8B41-F9CEA13EC9C1}.Release|Win32.ActiveCfg = Release|Win32
		{A9DC9E41-C617-4A72-8B41-F9CEA13EC9C1}.Release|Win32.Build.0 = Release|Win32
	EndGlobalSection
	GlobalSection(SolutionProperties) = preSolution
		HideSolutionNode = FALSE
	EndGlobalSection
EndGlobal
